{
  "lockfile_version": "1",
  "packages": {
    "alsa-lib@latest": {
      "last_modified": "2026-06-27T07:37:20Z",
      "resolved": "github:NixOS/nixpkgs/3d46470bb3030020f7e1361f33514854f5bfa86d#alsa-lib",
      "source": "devbox-search",
      "version": "1.2.15.3",
      "systems": {
        "aarch64-linux": {
          "outputs": [
            {
              "name": "out",
              "path": "/nix/store/j6j2p4fh3a4qz6svzq1sb2zfllxc389q-alsa-lib-1.2.15.3",
              "default": true
            },
            {
              "name": "dev",
              "path": "/nix/store/3j3gkvc8q6ah5829sbrafzc3r8cjlzar-alsa-lib-1.2.15.3-dev"
            }
          ],
          "store_path": "/nix/store/j6j2p4fh3a4qz6svzq1sb2zfllxc389q-alsa-lib-1.2.15.3"
        },
        "x86_64-linux": {
          "outputs": [
            {
              "name": "out",
              "path": "/nix/store/a4h98420m9h8c84r2igrpdd94xsrc9b6-alsa-lib-1.2.15.3",
              "default": true
            },
            {
              "name": "dev",
              "path": "/nix/store/ydvwd3ck3pl4r2245yawwccd63g1yn3k-alsa-lib-1.2.15.3-dev"
            }
          ],
          "store_path": "/nix/store/a4h98420m9h8c84r2igrpdd94xsrc9b6-alsa-lib-1.2.15.3"
        }
      }
    },
    "ccache@latest": {
      "last_modified": "2026-06-27T07:37:20Z",
      "resolved": "github:NixOS/nixpkgs/3d46470bb3030020f7e1361f33514854f5bfa86d#ccache",
      "source": "devbox-search",
      "version": "4.13.6",
      "systems": {
        "aarch64-darwin": {
          "outputs": [
            {
              "name": "out",
              "path": "/nix/store/89ai67j7zp6kylwfkajmx6xypwxgladv-ccache-4.13.6",
              "default": true
            },
            {
              "name": "man",
              "path": "/nix/store/7vpxxvh7zbkx123x7kd0xld3p0s2s77w-ccache-4.13.6-man",
              "default": true
            }
          ],
          "store_path": "/nix/store/89ai67j7zp6kylwfkajmx6xypwxgladv-ccache-4.13.6"
        },
        "aarch64-linux": {
          "outputs": [
            {
              "name": "out",
              "path": "/nix/store/1vk8hjd06v68wqh0gqrpji8qvbs4wq2x-ccache-4.13.6",
              "default": true
            },
            {
              "name": "man",
              "path": "/nix/store/db0k942y7pby1nrwbnl7c85rr23836vf-ccache-4.13.6-man",
              "default": true
            }
          ],
          "store_path": "/nix/store/1vk8hjd06v68wqh0gqrpji8qvbs4wq2x-ccache-4.13.6"
        },
        "x86_64-darwin": {
          "outputs": [
            {
              "name": "out",
              "path": "/nix/store/r4srjapr11j6nr88zz1yp8cs1agr4xmc-ccache-4.13.6",
              "default": true
            },
            {
              "name": "man",
              "path": "/nix/store/a8rq3zn7wbzjzjx2jns8y7g9njcgvdj3-ccache-4.13.6-man",
              "default": true
            }
          ],
          "store_path": "/nix/store/r4srjapr11j6nr88zz1yp8cs1agr4xmc-ccache-4.13.6"
        },
        "x86_64-linux": {
          "outputs": [
            {
              "name": "out",
              "path": "/nix/store/xm8bhhj1yk73vjmnfxhqd84lmpb6703x-ccache-4.13.6",
              "default": true
            },
            {
              "name": "man",
              "path": "/nix/store/2fg2q9z7k8rv5glk71i0rn1v6m4zrwa4-ccache-4.13.6-man",
              "default": true
            }
          ],
          "store_path": "/nix/store/xm8bhhj1yk73vjmnfxhqd84lmpb6703x-ccache-4.13.6"
        }
      }
    },
    "clang-tools@latest": {
      "last_modified": "2026-06-27T07:37:20Z",
      "resolved": "github:NixOS/nixpkgs/3d46470bb3030020f7e1361f33514854f5bfa86d#clang-tools",
      "source": "devbox-search",
      "version": "21.1.8",
      "systems": {
        "aarch64-darwin": {
          "outputs": [
            {
              "name": "out",
              "path": "/nix/store/1a8vywwm26mqnraf0z5indzblg9cq8xf-clang-tools-21.1.8",
              "default": true
            }
          ],
          "store_path": "/nix/store/1a8vywwm26mqnraf0z5indzblg9cq8xf-clang-tools-21.1.8"
        },
        "aarch64-linux": {
          "outputs": [
            {
              "name": "out",
              "path": "/nix/store/r273728n49aqkv13s71x3pg6vi1cwbda-clang-tools-21.1.8",
              "default": true
            }
          ],
          "store_path": "/nix/store/r273728n49aqkv13s71x3pg6vi1cwbda-clang-tools-21.1.8"
        },
        "x86_64-darwin": {
          "outputs": [
            {
              "name": "out",
              "path": "/nix/store/4bg48f0jwh4wfbf0pyh00g5z17yaaz83-clang-tools-21.1.8",
              "default": true
            }
          ],
          "store_path": "/nix/store/4bg48f0jwh4wfbf0pyh00g5z17yaaz83-clang-tools-21.1.8"
        },
        "x86_64-linux": {
          "outputs": [
            {
              "name": "out",
              "path": "/nix/store/zb35i0rcl7mqwq9xl9yxmjcicpnkbx0d-clang-tools-21.1.8",
              "default": true
            }
          ],
          "store_path": "/nix/store/zb35i0rcl7mqwq9xl9yxmjcicpnkbx0d-clang-tools-21.1.8"
        }
      }
    },
    "cmake@latest": {
      "last_modified": "2025-11-23T21:50:36Z",
      "resolved": "github:NixOS/nixpkgs/ee09932cedcef15aaf476f9343d1dea2cb77e261#cmake",
      "source": "devbox-search",
      "version": "4.1.2",
      "systems": {
        "aarch64-darwin": {
          "outputs": [
            {
              "name": "out",
              "path": "/nix/store/0v5vpvwbl94qv9447jz995i4n9mx4l63-cmake-4.1.2",
              "default": true
            }
          ],
          "store_path": "/nix/store/0v5vpvwbl94qv9447jz995i4n9mx4l63-cmake-4.1.2"
        },
        "aarch64-linux": {
          "outputs": [
            {
              "name": "out",
              "path": "/nix/store/ipjw0mbzcycidbw62gsz47cgivqxm2lv-cmake-4.1.2",
              "default": true
            },
            {
              "name": "debug",
              "path": "/nix/store/4m6l2qb5s7vyirybbn3c5k1rv2dww1vy-cmake-4.1.2-debug"
            }
          ],
          "store_path": "/nix/store/ipjw0mbzcycidbw62gsz47cgivqxm2lv-cmake-4.1.2"
        },
        "x86_64-darwin": {
          "outputs": [
            {
              "name": "out",
              "path": "/nix/store/i7c7r2g0zycvi7wh3rnw1dx3aglbvw2d-cmake-4.1.2",
              "default": true
            }
          ],
          "store_path": "/nix/store/i7c7r2g0zycvi7wh3rnw1dx3aglbvw2d-cmake-4.1.2"
        },
        "x86_64-linux": {
          "outputs": [
            {
              "name": "out",
              "path": "/nix/store/w9jm660dykns6hzrdhxmqfywnc9ail8g-cmake-4.1.2",
              "default": true
            },
            {
              "name": "debug",
              "path": "/nix/store/pnizhra0882ijp3nilvzdzbaa0ayq4hd-cmake-4.1.2-debug"
            }
          ],
          "store_path": "/nix/store/w9jm660dykns6hzrdhxmqfywnc9ail8g-cmake-4.1.2"
        }
      }
    },
    "gcc@latest": {
      "last_modified": "2026-06-27T07:37:20Z",
      "resolved": "github:NixOS/nixpkgs/3d46470bb3030020f7e1361f33514854f5bfa86d#gcc16",
      "source": "devbox-search",
      "version": "16.1.0",
      "systems": {
        "aarch64-darwin": {
          "outputs": [
            {
              "name": "out",
              "path": "/nix/store/rxgqxg8yfmd2k0dv7f235pj7paasi3nz-gcc-wrapper-16.1.0",
              "default": true
            },
            {
              "name": "man",
              "path": "/nix/store/gxb2lz5w9b18d213dnbfsvnv6agqjqq4-gcc-wrapper-16.1.0-man",
              "default": true
            },
            {
              "name": "info",
              "path": "/nix/store/8dwra4xms6gwfvfgi7fhggpihy6l7l58-gcc-wrapper-16.1.0-info"
            }
          ],
          "store_path": "/nix/store/rxgqxg8yfmd2k0dv7f235pj7paasi3nz-gcc-wrapper-16.1.0"
        },
        "aarch64-linux": {
          "outputs": [
            {
              "name": "out",
              "path": "/nix/store/k5ix5rl6zx0jcpqmxaybplkz6mh2wbkz-gcc-wrapper-16.1.0",
              "default": true
            },
            {
              "name": "man",
              "path": "/nix/store/ylmw65rpq4ppa8nqw2m84lamnid8vks0-gcc-wrapper-16.1.0-man",
              "default": true
            },
            {
              "name": "info",
              "path": "/nix/store/3mmvr9m3xf001nrx1wlbvy4f7azwf1jz-gcc-wrapper-16.1.0-info"
            }
          ],
          "store_path": "/nix/store/k5ix5rl6zx0jcpqmxaybplkz6mh2wbkz-gcc-wrapper-16.1.0"
        },
        "x86_64-darwin": {
          "outputs": [
            {
              "name": "out",
              "path": "/nix/store/jzilyaw3qkqjzh1r7wqif4mha4k1ajfg-gcc-wrapper-16.1.0",
              "default": true
            },
            {
              "name": "man",
              "path": "/nix/store/g14prjlbbjcmp9fnd8wmsvsn3l7jq86j-gcc-wrapper-16.1.0-man",
              "default": true
            },
            {
              "name": "info",
              "path": "/nix/store/b2h9pa7ynmf99cqfg58nnpz0b1zicapd-gcc-wrapper-16.1.0-info"
            }
          ],
          "store_path": "/nix/store/jzilyaw3qkqjzh1r7wqif4mha4k1ajfg-gcc-wrapper-16.1.0"
        },
        "x86_64-linux": {
          "outputs": [
            {
              "name": "out",
              "path": "/nix/store/0kywpmx5r4mbk00d6b3rkwq121d6qfz2-gcc-wrapper-16.1.0",
              "default": true
            },
            {
              "name": "man",
              "path": "/nix/store/sjiaf8z1fr28w3rc5r4hmmaa4qjd8l8m-gcc-wrapper-16.1.0-man",
              "default": true
            },
            {
              "name": "info",
              "path": "/nix/store/nx67mlsr3apmsl6xl0c2nybd2d1m11f1-gcc-wrapper-16.1.0-info"
            }
          ],
          "store_path": "/nix/store/0kywpmx5r4mbk00d6b3rkwq121d6qfz2-gcc-wrapper-16.1.0"
        }
      }
    },
    "github:NixOS/nixpkgs/nixpkgs-unstable": {
      "last_modified": "2026-06-16T10:57:20Z",
      "resolved": "github:NixOS/nixpkgs/3e41b24abd260e8f71dbe2f5737d24122f972158?lastModified=1781607440&narHash=sha256-rxO%2Buc%2FKFbSJp%2BpgyXRuAX6QlG9hJdnt0BXpEQRXY%2BU%3D"
    },
    "gnumake@latest": {
      "last_modified": "2026-06-29T11:10:55Z",
      "resolved": "github:NixOS/nixpkgs/9c4c05a947a91dc14625265fab505fb695e93218#gnumake",
      "source": "devbox-search",
      "version": "4.4.1",
      "systems": {
        "aarch64-darwin": {
          "outputs": [
            {
              "name": "out",
              "path": "/nix/store/ij3d5cfr8h31a41l80jzid0z6kj2ajsv-gnumake-4.4.1",
              "default": true
            },
            {
              "name": "man",
              "path": "/nix/store/mzy3b5lxi8jbq5d63yvq52sjsq73907l-gnumake-4.4.1-man",
              "default": true
            },
            {
              "name": "doc",
              "path": "/nix/store/v2jpgmm2fsg7b0z27cc514jdqbhm0isy-gnumake-4.4.1-doc"
            },
            {
              "name": "info",
              "path": "/nix/store/dli72plfj1gcp88wv6px7qjjqvnnlql5-gnumake-4.4.1-info"
            }
          ],
          "store_path": "/nix/store/ij3d5cfr8h31a41l80jzid0z6kj2ajsv-gnumake-4.4.1"
        },
        "aarch64-linux": {
          "outputs": [
            {
              "name": "out",
              "path": "/nix/store/v1888rzl1qf8zzd27q1vxvqqssizjx3x-gnumake-4.4.1",
              "default": true
            },
            {
              "name": "man",
              "path": "/nix/store/3c96gbpypik8gzasv9brnka3i6mks9rz-gnumake-4.4.1-man",
              "default": true
            },
            {
              "name": "debug",
              "path": "/nix/store/rcg8zj3391869cn266zwxynplwhyf6qw-gnumake-4.4.1-debug"
            },
            {
              "name": "doc",
              "path": "/nix/store/qvl65zgm24p9sw0mzw3cxijcs8palykk-gnumake-4.4.1-doc"
            },
            {
              "name": "info",
              "path": "/nix/store/2xp5f2ypvrlg6wn5s44jg3ji82l78k9q-gnumake-4.4.1-info"
            }
          ],
          "store_path": "/nix/store/v1888rzl1qf8zzd27q1vxvqqssizjx3x-gnumake-4.4.1"
        },
        "x86_64-darwin": {
          "outputs": [
            {
              "name": "out",
              "path": "/nix/store/0bg5b97b9hbhz8907bfcrch1i116xppa-gnumake-4.4.1",
              "default": true
            },
            {
              "name": "man",
              "path": "/nix/store/wb4yn3d7vmi1hr4f8pz38rjvcl7f70ma-gnumake-4.4.1-man",
              "default": true
            },
            {
              "name": "doc",
              "path": "/nix/store/3b9cjf16jx4ncpp3b4k6m8q01nxsrw1n-gnumake-4.4.1-doc"
            },
            {
              "name": "info",
              "path": "/nix/store/rriz5p4q8a6sca7sw3p3js1m5dl09ia8-gnumake-4.4.1-info"
            }
          ],
          "store_path": "/nix/store/0bg5b97b9hbhz8907bfcrch1i116xppa-gnumake-4.4.1"
        },
        "x86_64-linux": {
          "outputs": [
            {
              "name": "out",
              "path": "/nix/store/k9ybsvscqk4lhz5ndc1ap9800im1cry1-gnumake-4.4.1",
              "default": true
            },
            {
              "name": "man",
              "path": "/nix/store/arjpl2nnq7khwfhy16qphyxxg924apy1-gnumake-4.4.1-man",
              "default": true
            },
            {
              "name": "debug",
              "path": "/nix/store/054b9sxxzph2fbwmj45njf1rspjifaz6-gnumake-4.4.1-debug"
            },
            {
              "name": "doc",
              "path": "/nix/store/c2skg22md4ablx0qfcrsh7vpad31zgyx-gnumake-4.4.1-doc"
            },
            {
              "name": "info",
              "path": "/nix/store/6mifiq9cp2bsg9ghkhifrvlmip7z3147-gnumake-4.4.1-info"
            }
          ],
          "store_path": "/nix/store/k9ybsvscqk4lhz5ndc1ap9800im1cry1-gnumake-4.4.1"
        }
      }
    },
    "libGL@latest": {
      "last_modified": "2026-06-27T07:37:20Z",
      "resolved": "github:NixOS/nixpkgs/3d46470bb3030020f7e1361f33514854f5bfa86d#libGL",
      "source": "devbox-search",
      "version": "1.7.0",
      "systems": {
        "aarch64-linux": {
          "outputs": [
            {
              "name": "out",
              "path": "/nix/store/ggdv8n1chz9l6m5s2sp7q2m64c7pph71-libglvnd-1.7.0",
              "default": true
            },
            {
              "name": "dev",
              "path": "/nix/store/dajkcxdz4b4lrvz642iajyk7nslbbp57-libglvnd-1.7.0-dev"
            }
          ],
          "store_path": "/nix/store/ggdv8n1chz9l6m5s2sp7q2m64c7pph71-libglvnd-1.7.0"
        },
        "x86_64-linux": {
          "outputs": [
            {
              "name": "out",
              "path": "/nix/store/6rffq8f7j8f6szmd7wdnyddbm7kgr76h-libglvnd-1.7.0",
              "default": true
            },
            {
              "name": "dev",
              "path": "/nix/store/n9fv9547pkwrg2g6anlz1p85rjj3yb9b-libglvnd-1.7.0-dev"
            }
          ],
          "store_path": "/nix/store/6rffq8f7j8f6szmd7wdnyddbm7kgr76h-libglvnd-1.7.0"
        }
      }
    },
    "ninja@latest": {
      "last_modified": "2025-11-23T21:50:36Z",
      "resolved": "github:NixOS/nixpkgs/ee09932cedcef15aaf476f9343d1dea2cb77e261#ninja",
      "source": "devbox-search",
      "version": "1.13.1",
      "systems": {
        "aarch64-darwin": {
          "outputs": [
            {
              "name": "out",
              "path": "/nix/store/6y79vrqachzns4pgl8r0j04b7g33hl52-ninja-1.13.1",
              "default": true
            }
          ],
          "store_path": "/nix/store/6y79vrqachzns4pgl8r0j04b7g33hl52-ninja-1.13.1"
        },
        "aarch64-linux": {
          "outputs": [
            {
              "name": "out",
              "path": "/nix/store/jpwn5zii6bzpvf9dm4dw7cdvwychpxwz-ninja-1.13.1",
              "default": true
            }
          ],
          "store_path": "/nix/store/jpwn5zii6bzpvf9dm4dw7cdvwychpxwz-ninja-1.13.1"
        },
        "x86_64-darwin": {
          "outputs": [
            {
              "name": "out",
              "path": "/nix/store/82kdfnd09s2npwlsnqzak29nf592czr6-ninja-1.13.1",
              "default": true
            }
          ],
          "store_path": "/nix/store/82kdfnd09s2npwlsnqzak29nf592czr6-ninja-1.13.1"
        },
        "x86_64-linux": {
          "outputs": [
            {
              "name": "out",
              "path": "/nix/store/nib1r4k4cqph7zjjnbfc1d6cbg11qr76-ninja-1.13.1",
              "default": true
            }
          ],
          "store_path": "/nix/store/nib1r4k4cqph7zjjnbfc1d6cbg11qr76-ninja-1.13.1"
        }
      }
    },
    "python3@latest": {
      "last_modified": "2025-01-06T03:40:18Z",
      "plugin_version": "0.0.4",
      "resolved": "github:NixOS/nixpkgs/3df3c47c19dc90fec35359e89ffb52b34d2b0e94#python3",
      "source": "devbox-search",
      "version": "3.12.8",
      "systems": {
        "aarch64-darwin": {
          "outputs": [
            {
              "name": "out",
              "path": "/nix/store/8zc3wcplydp8gsxms24scpzdca438dk5-python3-3.12.8",
              "default": true
            }
          ],
          "store_path": "/nix/store/8zc3wcplydp8gsxms24scpzdca438dk5-python3-3.12.8"
        },
        "aarch64-linux": {
          "outputs": [
            {
              "name": "out",
              "path": "/nix/store/66pn6ysmvx675061xaq2vz93s9vdc5p4-python3-3.12.8",
              "default": true
            },
            {
              "name": "debug",
              "path": "/nix/store/brcg3a34fi45ffky63g5pqd22sksvq13-python3-3.12.8-debug"
            }
          ],
          "store_path": "/nix/store/66pn6ysmvx675061xaq2vz93s9vdc5p4-python3-3.12.8"
        },
        "x86_64-darwin": {
          "outputs": [
            {
              "name": "out",
              "path": "/nix/store/fpmkmdzgd1q7kqadc7czcjdhjj7bsc0i-python3-3.12.8",
              "default": true
            }
          ],
          "store_path": "/nix/store/fpmkmdzgd1q7kqadc7czcjdhjj7bsc0i-python3-3.12.8"
        },
        "x86_64-linux": {
          "outputs": [
            {
              "name": "out",
              "path": "/nix/store/c9m6yd8fg1flz2j5r4bif1ib5j20a0cy-python3-3.12.8",
              "default": true
            },
            {
              "name": "debug",
              "path": "/nix/store/cicfrcjr8pky8qd0gxw0x84ynyviy6b5-python3-3.12.8-debug"
            }
          ],
          "store_path": "/nix/store/c9m6yd8fg1flz2j5r4bif1ib5j20a0cy-python3-3.12.8"
        }
      }
    },
    "raylib@latest": {
      "last_modified": "2026-06-27T07:37:20Z",
      "resolved": "github:NixOS/nixpkgs/3d46470bb3030020f7e1361f33514854f5bfa86d#raylib",
      "source": "devbox-search",
      "version": "6.0",
      "systems": {
        "aarch64-darwin": {
          "outputs": [
            {
              "name": "out",
              "path": "/nix/store/g1jx094rckzsip5hywjchzi70vg1ganq-raylib-6.0",
              "default": true
            }
          ],
          "store_path": "/nix/store/g1jx094rckzsip5hywjchzi70vg1ganq-raylib-6.0"
        },
        "aarch64-linux": {
          "outputs": [
            {
              "name": "out",
              "path": "/nix/store/88c4bp561p00wkdn77yaswxfmncm8hph-raylib-6.0",
              "default": true
            }
          ],
          "store_path": "/nix/store/88c4bp561p00wkdn77yaswxfmncm8hph-raylib-6.0"
        },
        "x86_64-darwin": {
          "outputs": [
            {
              "name": "out",
              "path": "/nix/store/dwy20c5k5qdr0vca8xf4gv9z1llxxvj2-raylib-6.0",
              "default": true
            }
          ],
          "store_path": "/nix/store/dwy20c5k5qdr0vca8xf4gv9z1llxxvj2-raylib-6.0"
        },
        "x86_64-linux": {
          "outputs": [
            {
              "name": "out",
              "path": "/nix/store/r3hcx5rgbiqlh57x5qqpx6l01va5c5vq-raylib-6.0",
              "default": true
            }
          ],
          "store_path": "/nix/store/r3hcx5rgbiqlh57x5qqpx6l01va5c5vq-raylib-6.0"
        }
      }
    }
  }
}
